
Microsoft Visual Studio Solution File, Format Version 12.00
# Visual Studio Version 17
VisualStudioVersion = 17.14.36408.4 d17.14
MinimumVisualStudioVersion = 10.0.40219.1
Project("{FAE04EC0-301F-11D3-BF4B-00C04F79EFBC}") = "111", "111\111.csproj", "{D6598787-168C-4F77-A970-1C621C9D3DCB}"
EndProject
Global
	GlobalSection(SolutionConfigurationPlatforms) = preSolution
		Debug|Any CPU = Debug|Any CPU
		Release|Any CPU = Release|Any CPU
	EndGlobalSection
	GlobalSection(ProjectConfigurationPlatforms) = postSolution
		{D6598787-168C-4F77-A970-1C621C9D3DCB}.Debug|Any CPU.ActiveCfg = Debug|Any CPU
		{D6598787-168C-4F77-A970-1C621C9D3DCB}.Debug|Any CPU.Build.0 = Debug|Any CPU
		{D6598787-168C-4F77-A970-1C621C9D3DCB}.Release|Any CPU.ActiveCfg = Release|Any CPU
		{D6598787-168C-4F77-A970-1C621C9D3DCB}.Release|Any CPU.Build.0 = Release|Any CPU
	EndGlobalSection
	GlobalSection(SolutionProperties) = preSolution
		HideSolutionNode = FALSE
	EndGlobalSection
	GlobalSection(ExtensibilityGlobals) = postSolution
		SolutionGuid = {EA82811F-D6F0-4EE8-88BB-78A966216102}
	EndGlobalSection
EndGlobal
